
Microsoft Visual Studio Solution File, Format Version 12.00
# Visual Studio Version 17
VisualStudioVersion = 17.0.32014.148
MinimumVisualStudioVersion = 10.0.40219.1
Project("{FAE04EC0-301F-11D3-BF4B-00C04F79EFBC}") = "console264", "console264\console264.csproj", "{BE42FDA5-37B2-4E8E-A8B3-860DA749F8E5}"
EndProject
Global
	GlobalSection(SolutionConfigurationPlatforms) = preSolution
		Debug|Any CPU = Debug|Any CPU
		Release|Any CPU = Release|Any CPU
	EndGlobalSection
	GlobalSection(ProjectConfigurationPlatforms) = postSolution
		{BE42FDA5-37B2-4E8E-A8B3-860DA749F8E5}.Debug|Any CPU.ActiveCfg = Debug|Any CPU
		{BE42FDA5-37B2-4E8E-A8B3-860DA749F8E5}.Debug|Any CPU.Build.0 = Debug|Any CPU
		{BE42FDA5-37B2-4E8E-A8B3-860DA749F8E5}.Release|Any CPU.ActiveCfg = Release|Any CPU
		{BE42FDA5-37B2-4E8E-A8B3-860DA749F8E5}.Release|Any CPU.Build.0 = Release|Any CPU
	EndGlobalSection
	GlobalSection(SolutionProperties) = preSolution
		HideSolutionNode = FALSE
	EndGlobalSection
	GlobalSection(ExtensibilityGlobals) = postSolution
		SolutionGuid = {F798803F-562A-4B10-81F0-F7DCAA3694F1}
	EndGlobalSection
EndGlobal
